// !$*UTF8*$!
{
	archiveVersion = 1;
	classes = {
	};
	objectVersion = 56;
	objects = {

/* Begin PBXBuildFile section */
		F8770D1D2AE6C4A80028DCD0 /* DoctorsAppApp.swift in Sources */ = {isa = PBXBuildFile; fileRef = F8770D1C2AE6C4A80028DCD0 /* DoctorsAppApp.swift */; };
		F8770D1F2AE6C4A80028DCD0 /* ContentView.swift in Sources */ = {isa = PBXBuildFile; fileRef = F8770D1E2AE6C4A80028DCD0 /* ContentView.swift */; };
		F8770D212AE6C4AA0028DCD0 /* Assets.xcassets in Resources */ = {isa = PBXBuildFile; fileRef = F8770D202AE6C4AA0028DCD0 /* Assets.xcassets */; };
		F8770D242AE6C4AA0028DCD0 /* Preview Assets.xcassets in Resources */ = {isa = PBXBuildFile; fileRef = F8770D232AE6C4AA0028DCD0 /* Preview Assets.xcassets */; };
		F8770D2B2AE6C5060028DCD0 /* SplashScreen.swift in Sources */ = {isa = PBXBuildFile; fileRef = F8770D2A2AE6C5060028DCD0 /* SplashScreen.swift */; };
		F8770D2D2AE6C5190028DCD0 /* Onboarding.swift in Sources */ = {isa = PBXBuildFile; fileRef = F8770D2C2AE6C5190028DCD0 /* Onboarding.swift */; };
		F8770D302AE6C53A0028DCD0 /* LoginSignUp.swift in Sources */ = {isa = PBXBuildFile; fileRef = F8770D2F2AE6C53A0028DCD0 /* LoginSignUp.swift */; };
		F8770D322AE6C7D60028DCD0 /* Login.swift in Sources */ = {isa = PBXBuildFile; fileRef = F8770D312AE6C7D60028DCD0 /* Login.swift */; };
		F8770D342AE6DFAF0028DCD0 /* LoginSuccess.swift in Sources */ = {isa = PBXBuildFile; fileRef = F8770D332AE6DFAF0028DCD0 /* LoginSuccess.swift */; };
		F8770D362AE7890D0028DCD0 /* SignUp.swift in Sources */ = {isa = PBXBuildFile; fileRef = F8770D352AE7890D0028DCD0 /* SignUp.swift */; };
		F8770D382AE78EEE0028DCD0 /* SignUpSuccess.swift in Sources */ = {isa = PBXBuildFile; fileRef = F8770D372AE78EEE0028DCD0 /* SignUpSuccess.swift */; };
		F8D55A0D2AF26C6700BBB11B /* ResetPasssword.swift in Sources */ = {isa = PBXBuildFile; fileRef = F8D55A0C2AF26C6700BBB11B /* ResetPasssword.swift */; };
		F8D55A0F2AF270E800BBB11B /* Verification.swift in Sources */ = {isa = PBXBuildFile; fileRef = F8D55A0E2AF270E800BBB11B /* Verification.swift */; };
		F8D55A172AF2C6DA00BBB11B /* NewPassword.swift in Sources */ = {isa = PBXBuildFile; fileRef = F8D55A162AF2C6DA00BBB11B /* NewPassword.swift */; };
		F8D55A192AF2CF0900BBB11B /* Home.swift in Sources */ = {isa = PBXBuildFile; fileRef = F8D55A182AF2CF0900BBB11B /* Home.swift */; };
		F8D55A1B2AF2E8CC00BBB11B /* TopDoctors.swift in Sources */ = {isa = PBXBuildFile; fileRef = F8D55A1A2AF2E8CC00BBB11B /* TopDoctors.swift */; };
		F8D55A372AF38AFC00BBB11B /* FindDoctors.swift in Sources */ = {isa = PBXBuildFile; fileRef = F8D55A362AF38AFC00BBB11B /* FindDoctors.swift */; };
		F8D55A392AF3965500BBB11B /* DoctorDetail.swift in Sources */ = {isa = PBXBuildFile; fileRef = F8D55A382AF3965500BBB11B /* DoctorDetail.swift */; };
		F8D55A3B2AF3C27000BBB11B /* BookingDoctor.swift in Sources */ = {isa = PBXBuildFile; fileRef = F8D55A3A2AF3C27000BBB11B /* BookingDoctor.swift */; };
		F8D55A3D2AF5070900BBB11B /* BookingDoctorSuccess.swift in Sources */ = {isa = PBXBuildFile; fileRef = F8D55A3C2AF5070900BBB11B /* BookingDoctorSuccess.swift */; };
		F8D55A3F2AF5089B00BBB11B /* ChatDoctor.swift in Sources */ = {isa = PBXBuildFile; fileRef = F8D55A3E2AF5089B00BBB11B /* ChatDoctor.swift */; };
		F8D55A412AF53D5800BBB11B /* AudioCall.swift in Sources */ = {isa = PBXBuildFile; fileRef = F8D55A402AF53D5800BBB11B /* AudioCall.swift */; };
		F8D55A432AF547D300BBB11B /* VideoCall.swift in Sources */ = {isa = PBXBuildFile; fileRef = F8D55A422AF547D300BBB11B /* VideoCall.swift */; };
		F8D55A452AF5585500BBB11B /* Schedule.swift in Sources */ = {isa = PBXBuildFile; fileRef = F8D55A442AF5585500BBB11B /* Schedule.swift */; };
		F8D55A472AF5663300BBB11B /* Message.swift in Sources */ = {isa = PBXBuildFile; fileRef = F8D55A462AF5663300BBB11B /* Message.swift */; };
		F8D55A492AF57D0900BBB11B /* Arcticles.swift in Sources */ = {isa = PBXBuildFile; fileRef = F8D55A482AF57D0900BBB11B /* Arcticles.swift */; };
		F8D55A4B2AF65CD100BBB11B /* Pharmacy.swift in Sources */ = {isa = PBXBuildFile; fileRef = F8D55A4A2AF65CD100BBB11B /* Pharmacy.swift */; };
		F8D55A4D2AF6761A00BBB11B /* Drugs.swift in Sources */ = {isa = PBXBuildFile; fileRef = F8D55A4C2AF6761900BBB11B /* Drugs.swift */; };
		F8D55A4F2AF67B8800BBB11B /* MyCart.swift in Sources */ = {isa = PBXBuildFile; fileRef = F8D55A4E2AF67B8800BBB11B /* MyCart.swift */; };
		F8D55A512AF6814300BBB11B /* PaymentSuccess.swift in Sources */ = {isa = PBXBuildFile; fileRef = F8D55A502AF6814300BBB11B /* PaymentSuccess.swift */; };
		F8D55A532AF682C800BBB11B /* Ambulance.swift in Sources */ = {isa = PBXBuildFile; fileRef = F8D55A522AF682C800BBB11B /* Ambulance.swift */; };
		F8D55A552AF6995B00BBB11B /* Profile.swift in Sources */ = {isa = PBXBuildFile; fileRef = F8D55A542AF6995B00BBB11B /* Profile.swift */; };
		F8D55A572AF6A20D00BBB11B /* Logout.swift in Sources */ = {isa = PBXBuildFile; fileRef = F8D55A562AF6A20D00BBB11B /* Logout.swift */; };
/* End PBXBuildFile section */

/* Begin PBXFileReference section */
		F8770D192AE6C4A80028DCD0 /* DoctorsApp.app */ = {isa = PBXFileReference; explicitFileType = wrapper.application; includeInIndex = 0; path = DoctorsApp.app; sourceTree = BUILT_PRODUCTS_DIR; };
		F8770D1C2AE6C4A80028DCD0 /* DoctorsAppApp.swift */ = {isa = PBXFileReference; lastKnownFileType = sourcecode.swift; path = DoctorsAppApp.swift; sourceTree = "<group>"; };
		F8770D1E2AE6C4A80028DCD0 /* ContentView.swift */ = {isa = PBXFileReference; lastKnownFileType = sourcecode.swift; path = ContentView.swift; sourceTree = "<group>"; };
		F8770D202AE6C4AA0028DCD0 /* Assets.xcassets */ = {isa = PBXFileReference; lastKnownFileType = folder.assetcatalog; path = Assets.xcassets; sourceTree = "<group>"; };
		F8770D232AE6C4AA0028DCD0 /* Preview Assets.xcassets */ = {isa = PBXFileReference; lastKnownFileType = folder.assetcatalog; path = "Preview Assets.xcassets"; sourceTree = "<group>"; };
		F8770D2A2AE6C5060028DCD0 /* SplashScreen.swift */ = {isa = PBXFileReference; lastKnownFileType = sourcecode.swift; path = SplashScreen.swift; sourceTree = "<group>"; };
		F8770D2C2AE6C5190028DCD0 /* Onboarding.swift */ = {isa = PBXFileReference; lastKnownFileType = sourcecode.swift; path = Onboarding.swift; sourceTree = "<group>"; };
		F8770D2F2AE6C53A0028DCD0 /* LoginSignUp.swift */ = {isa = PBXFileReference; lastKnownFileType = sourcecode.swift; path = LoginSignUp.swift; sourceTree = "<group>"; };
		F8770D312AE6C7D60028DCD0 /* Login.swift */ = {isa = PBXFileReference; lastKnownFileType = sourcecode.swift; path = Login.swift; sourceTree = "<group>"; };
		F8770D332AE6DFAF0028DCD0 /* LoginSuccess.swift */ = {isa = PBXFileReference; lastKnownFileType = sourcecode.swift; path = LoginSuccess.swift; sourceTree = "<group>"; };
		F8770D352AE7890D0028DCD0 /* SignUp.swift */ = {isa = PBXFileReference; lastKnownFileType = sourcecode.swift; path = SignUp.swift; sourceTree = "<group>"; };
		F8770D372AE78EEE0028DCD0 /* SignUpSuccess.swift */ = {isa = PBXFileReference; lastKnownFileType = sourcecode.swift; path = SignUpSuccess.swift; sourceTree = "<group>"; };
		F8D55A0C2AF26C6700BBB11B /* ResetPasssword.swift */ = {isa = PBXFileReference; lastKnownFileType = sourcecode.swift; path = ResetPasssword.swift; sourceTree = "<group>"; };
		F8D55A0E2AF270E800BBB11B /* Verification.swift */ = {isa = PBXFileReference; lastKnownFileType = sourcecode.swift; path = Verification.swift; sourceTree = "<group>"; };
		F8D55A162AF2C6DA00BBB11B /* NewPassword.swift */ = {isa = PBXFileReference; lastKnownFileType = sourcecode.swift; path = NewPassword.swift; sourceTree = "<group>"; };
		F8D55A182AF2CF0900BBB11B /* Home.swift */ = {isa = PBXFileReference; lastKnownFileType = sourcecode.swift; path = Home.swift; sourceTree = "<group>"; };
		F8D55A1A2AF2E8CC00BBB11B /* TopDoctors.swift */ = {isa = PBXFileReference; lastKnownFileType = sourcecode.swift; path = TopDoctors.swift; sourceTree = "<group>"; };
		F8D55A362AF38AFC00BBB11B /* FindDoctors.swift */ = {isa = PBXFileReference; lastKnownFileType = sourcecode.swift; path = FindDoctors.swift; sourceTree = "<group>"; };
		F8D55A382AF3965500BBB11B /* DoctorDetail.swift */ = {isa = PBXFileReference; lastKnownFileType = sourcecode.swift; path = DoctorDetail.swift; sourceTree = "<group>"; };
		F8D55A3A2AF3C27000BBB11B /* BookingDoctor.swift */ = {isa = PBXFileReference; lastKnownFileType = sourcecode.swift; path = BookingDoctor.swift; sourceTree = "<group>"; };
		F8D55A3C2AF5070900BBB11B /* BookingDoctorSuccess.swift */ = {isa = PBXFileReference; lastKnownFileType = sourcecode.swift; path = BookingDoctorSuccess.swift; sourceTree = "<group>"; };
		F8D55A3E2AF5089B00BBB11B /* ChatDoctor.swift */ = {isa = PBXFileReference; lastKnownFileType = sourcecode.swift; path = ChatDoctor.swift; sourceTree = "<group>"; };
		F8D55A402AF53D5800BBB11B /* AudioCall.swift */ = {isa = PBXFileReference; lastKnownFileType = sourcecode.swift; path = AudioCall.swift; sourceTree = "<group>"; };
		F8D55A422AF547D300BBB11B /* VideoCall.swift */ = {isa = PBXFileReference; lastKnownFileType = sourcecode.swift; path = VideoCall.swift; sourceTree = "<group>"; };
		F8D55A442AF5585500BBB11B /* Schedule.swift */ = {isa = PBXFileReference; lastKnownFileType = sourcecode.swift; path = Schedule.swift; sourceTree = "<group>"; };
		F8D55A462AF5663300BBB11B /* Message.swift */ = {isa = PBXFileReference; lastKnownFileType = sourcecode.swift; path = Message.swift; sourceTree = "<group>"; };
		F8D55A482AF57D0900BBB11B /* Arcticles.swift */ = {isa = PBXFileReference; lastKnownFileType = sourcecode.swift; path = Arcticles.swift; sourceTree = "<group>"; };
		F8D55A4A2AF65CD100BBB11B /* Pharmacy.swift */ = {isa = PBXFileReference; lastKnownFileType = sourcecode.swift; path = Pharmacy.swift; sourceTree = "<group>"; };
		F8D55A4C2AF6761900BBB11B /* Drugs.swift */ = {isa = PBXFileReference; lastKnownFileType = sourcecode.swift; path = Drugs.swift; sourceTree = "<group>"; };
		F8D55A4E2AF67B8800BBB11B /* MyCart.swift */ = {isa = PBXFileReference; lastKnownFileType = sourcecode.swift; path = MyCart.swift; sourceTree = "<group>"; };
		F8D55A502AF6814300BBB11B /* PaymentSuccess.swift */ = {isa = PBXFileReference; lastKnownFileType = sourcecode.swift; path = PaymentSuccess.swift; sourceTree = "<group>"; };
		F8D55A522AF682C800BBB11B /* Ambulance.swift */ = {isa = PBXFileReference; lastKnownFileType = sourcecode.swift; path = Ambulance.swift; sourceTree = "<group>"; };
		F8D55A542AF6995B00BBB11B /* Profile.swift */ = {isa = PBXFileReference; lastKnownFileType = sourcecode.swift; path = Profile.swift; sourceTree = "<group>"; };
		F8D55A562AF6A20D00BBB11B /* Logout.swift */ = {isa = PBXFileReference; lastKnownFileType = sourcecode.swift; path = Logout.swift; sourceTree = "<group>"; };
/* End PBXFileReference section */

/* Begin PBXFrameworksBuildPhase section */
		F8770D162AE6C4A80028DCD0 /* Frameworks */ = {
			isa = PBXFrameworksBuildPhase;
			buildActionMask = 2147483647;
			files = (
			);
			runOnlyForDeploymentPostprocessing = 0;
		};
/* End PBXFrameworksBuildPhase section */

/* Begin PBXGroup section */
		F8770D102AE6C4A80028DCD0 = {
			isa = PBXGroup;
			children = (
				F8770D1B2AE6C4A80028DCD0 /* DoctorsApp */,
				F8770D1A2AE6C4A80028DCD0 /* Products */,
			);
			sourceTree = "<group>";
		};
		F8770D1A2AE6C4A80028DCD0 /* Products */ = {
			isa = PBXGroup;
			children = (
				F8770D192AE6C4A80028DCD0 /* DoctorsApp.app */,
			);
			name = Products;
			sourceTree = "<group>";
		};
		F8770D1B2AE6C4A80028DCD0 /* DoctorsApp */ = {
			isa = PBXGroup;
			children = (
				F8770D1C2AE6C4A80028DCD0 /* DoctorsAppApp.swift */,
				F8770D1E2AE6C4A80028DCD0 /* ContentView.swift */,
				F8770D202AE6C4AA0028DCD0 /* Assets.xcassets */,
				F8770D222AE6C4AA0028DCD0 /* Preview Content */,
				F8770D2A2AE6C5060028DCD0 /* SplashScreen.swift */,
				F8770D2C2AE6C5190028DCD0 /* Onboarding.swift */,
				F8770D2F2AE6C53A0028DCD0 /* LoginSignUp.swift */,
				F8770D312AE6C7D60028DCD0 /* Login.swift */,
				F8770D332AE6DFAF0028DCD0 /* LoginSuccess.swift */,
				F8770D352AE7890D0028DCD0 /* SignUp.swift */,
				F8770D372AE78EEE0028DCD0 /* SignUpSuccess.swift */,
				F8D55A0C2AF26C6700BBB11B /* ResetPasssword.swift */,
				F8D55A0E2AF270E800BBB11B /* Verification.swift */,
				F8D55A162AF2C6DA00BBB11B /* NewPassword.swift */,
				F8D55A182AF2CF0900BBB11B /* Home.swift */,
				F8D55A1A2AF2E8CC00BBB11B /* TopDoctors.swift */,
				F8D55A362AF38AFC00BBB11B /* FindDoctors.swift */,
				F8D55A382AF3965500BBB11B /* DoctorDetail.swift */,
				F8D55A3A2AF3C27000BBB11B /* BookingDoctor.swift */,
				F8D55A3C2AF5070900BBB11B /* BookingDoctorSuccess.swift */,
				F8D55A3E2AF5089B00BBB11B /* ChatDoctor.swift */,
				F8D55A402AF53D5800BBB11B /* AudioCall.swift */,
				F8D55A422AF547D300BBB11B /* VideoCall.swift */,
				F8D55A442AF5585500BBB11B /* Schedule.swift */,
				F8D55A462AF5663300BBB11B /* Message.swift */,
				F8D55A482AF57D0900BBB11B /* Arcticles.swift */,
				F8D55A4A2AF65CD100BBB11B /* Pharmacy.swift */,
				F8D55A4C2AF6761900BBB11B /* Drugs.swift */,
				F8D55A4E2AF67B8800BBB11B /* MyCart.swift */,
				F8D55A502AF6814300BBB11B /* PaymentSuccess.swift */,
				F8D55A522AF682C800BBB11B /* Ambulance.swift */,
				F8D55A542AF6995B00BBB11B /* Profile.swift */,
				F8D55A562AF6A20D00BBB11B /* Logout.swift */,
			);
			path = DoctorsApp;
			sourceTree = "<group>";
		};
		F8770D222AE6C4AA0028DCD0 /* Preview Content */ = {
			isa = PBXGroup;
			children = (
				F8770D232AE6C4AA0028DCD0 /* Preview Assets.xcassets */,
			);
			path = "Preview Content";
			sourceTree = "<group>";
		};
/* End PBXGroup section */

/* Begin PBXNativeTarget section */
		F8770D182AE6C4A80028DCD0 /* DoctorsApp */ = {
			isa = PBXNativeTarget;
			buildConfigurationList = F8770D272AE6C4AA0028DCD0 /* Build configuration list for PBXNativeTarget "DoctorsApp" */;
			buildPhases = (
				F8770D152AE6C4A80028DCD0 /* Sources */,
				F8770D162AE6C4A80028DCD0 /* Frameworks */,
				F8770D172AE6C4A80028DCD0 /* Resources */,
			);
			buildRules = (
			);
			dependencies = (
			);
			name = DoctorsApp;
			productName = DoctorsApp;
			productReference = F8770D192AE6C4A80028DCD0 /* DoctorsApp.app */;
			productType = "com.apple.product-type.application";
		};
/* End PBXNativeTarget section */

/* Begin PBXProject section */
		F8770D112AE6C4A80028DCD0 /* Project object */ = {
			isa = PBXProject;
			attributes = {
				BuildIndependentTargetsInParallel = 1;
				LastSwiftUpdateCheck = 1500;
				LastUpgradeCheck = 1500;
				TargetAttributes = {
					F8770D182AE6C4A80028DCD0 = {
						CreatedOnToolsVersion = 15.0;
					};
				};
			};
			buildConfigurationList = F8770D142AE6C4A80028DCD0 /* Build configuration list for PBXProject "DoctorsApp" */;
			compatibilityVersion = "Xcode 14.0";
			developmentRegion = en;
			hasScannedForEncodings = 0;
			knownRegions = (
				en,
				Base,
			);
			mainGroup = F8770D102AE6C4A80028DCD0;
			productRefGroup = F8770D1A2AE6C4A80028DCD0 /* Products */;
			projectDirPath = "";
			projectRoot = "";
			targets = (
				F8770D182AE6C4A80028DCD0 /* DoctorsApp */,
			);
		};
/* End PBXProject section */

/* Begin PBXResourcesBuildPhase section */
		F8770D172AE6C4A80028DCD0 /* Resources */ = {
			isa = PBXResourcesBuildPhase;
			buildActionMask = 2147483647;
			files = (
				F8770D242AE6C4AA0028DCD0 /* Preview Assets.xcassets in Resources */,
				F8770D212AE6C4AA0028DCD0 /* Assets.xcassets in Resources */,
			);
			runOnlyForDeploymentPostprocessing = 0;
		};
/* End PBXResourcesBuildPhase section */

/* Begin PBXSourcesBuildPhase section */
		F8770D152AE6C4A80028DCD0 /* Sources */ = {
			isa = PBXSourcesBuildPhase;
			buildActionMask = 2147483647;
			files = (
				F8770D322AE6C7D60028DCD0 /* Login.swift in Sources */,
				F8D55A552AF6995B00BBB11B /* Profile.swift in Sources */,
				F8770D2D2AE6C5190028DCD0 /* Onboarding.swift in Sources */,
				F8D55A452AF5585500BBB11B /* Schedule.swift in Sources */,
				F8D55A4D2AF6761A00BBB11B /* Drugs.swift in Sources */,
				F8D55A0F2AF270E800BBB11B /* Verification.swift in Sources */,
				F8D55A432AF547D300BBB11B /* VideoCall.swift in Sources */,
				F8D55A512AF6814300BBB11B /* PaymentSuccess.swift in Sources */,
				F8D55A372AF38AFC00BBB11B /* FindDoctors.swift in Sources */,
				F8770D382AE78EEE0028DCD0 /* SignUpSuccess.swift in Sources */,
				F8D55A172AF2C6DA00BBB11B /* NewPassword.swift in Sources */,
				F8D55A3F2AF5089B00BBB11B /* ChatDoctor.swift in Sources */,
				F8D55A3D2AF5070900BBB11B /* BookingDoctorSuccess.swift in Sources */,
				F8770D302AE6C53A0028DCD0 /* LoginSignUp.swift in Sources */,
				F8D55A4B2AF65CD100BBB11B /* Pharmacy.swift in Sources */,
				F8770D342AE6DFAF0028DCD0 /* LoginSuccess.swift in Sources */,
				F8D55A392AF3965500BBB11B /* DoctorDetail.swift in Sources */,
				F8D55A3B2AF3C27000BBB11B /* BookingDoctor.swift in Sources */,
				F8D55A412AF53D5800BBB11B /* AudioCall.swift in Sources */,
				F8770D1F2AE6C4A80028DCD0 /* ContentView.swift in Sources */,
				F8D55A0D2AF26C6700BBB11B /* ResetPasssword.swift in Sources */,
				F8D55A472AF5663300BBB11B /* Message.swift in Sources */,
				F8D55A532AF682C800BBB11B /* Ambulance.swift in Sources */,
				F8D55A4F2AF67B8800BBB11B /* MyCart.swift in Sources */,
				F8770D362AE7890D0028DCD0 /* SignUp.swift in Sources */,
				F8770D1D2AE6C4A80028DCD0 /* DoctorsAppApp.swift in Sources */,
				F8D55A572AF6A20D00BBB11B /* Logout.swift in Sources */,
				F8D55A492AF57D0900BBB11B /* Arcticles.swift in Sources */,
				F8D55A192AF2CF0900BBB11B /* Home.swift in Sources */,
				F8770D2B2AE6C5060028DCD0 /* SplashScreen.swift in Sources */,
				F8D55A1B2AF2E8CC00BBB11B /* TopDoctors.swift in Sources */,
			);
			runOnlyForDeploymentPostprocessing = 0;
		};
/* End PBXSourcesBuildPhase section */

/* Begin XCBuildConfiguration section */
		F8770D252AE6C4AA0028DCD0 /* Debug */ = {
			isa = XCBuildConfiguration;
			buildSettings = {
				ALWAYS_SEARCH_USER_PATHS = NO;
				ASSETCATALOG_COMPILER_GENERATE_SWIFT_ASSET_SYMBOL_EXTENSIONS = YES;
				CLANG_ANALYZER_NONNULL = YES;
				CLANG_ANALYZER_NUMBER_OBJECT_CONVERSION = YES_AGGRESSIVE;
				CLANG_CXX_LANGUAGE_STANDARD = "gnu++20";
				CLANG_ENABLE_MODULES = YES;
				CLANG_ENABLE_OBJC_ARC = YES;
				CLANG_ENABLE_OBJC_WEAK = YES;
				CLANG_WARN_BLOCK_CAPTURE_AUTORELEASING = YES;
				CLANG_WARN_BOOL_CONVERSION = YES;
				CLANG_WARN_COMMA = YES;
				CLANG_WARN_CONSTANT_CONVERSION = YES;
				CLANG_WARN_DEPRECATED_OBJC_IMPLEMENTATIONS = YES;
				CLANG_WARN_DIRECT_OBJC_ISA_USAGE = YES_ERROR;
				CLANG_WARN_DOCUMENTATION_COMMENTS = YES;
				CLANG_WARN_EMPTY_BODY = YES;
				CLANG_WARN_ENUM_CONVERSION = YES;
				CLANG_WARN_INFINITE_RECURSION = YES;
				CLANG_WARN_INT_CONVERSION = YES;
				CLANG_WARN_NON_LITERAL_NULL_CONVERSION = YES;
				CLANG_WARN_OBJC_IMPLICIT_RETAIN_SELF = YES;
				CLANG_WARN_OBJC_LITERAL_CONVERSION = YES;
				CLANG_WARN_OBJC_ROOT_CLASS = YES_ERROR;
				CLANG_WARN_QUOTED_INCLUDE_IN_FRAMEWORK_HEADER = YES;
				CLANG_WARN_RANGE_LOOP_ANALYSIS = YES;
				CLANG_WARN_STRICT_PROTOTYPES = YES;
				CLANG_WARN_SUSPICIOUS_MOVE = YES;
				CLANG_WARN_UNGUARDED_AVAILABILITY = YES_AGGRESSIVE;
				CLANG_WARN_UNREACHABLE_CODE = YES;
				CLANG_WARN__DUPLICATE_METHOD_MATCH = YES;
				COPY_PHASE_STRIP = NO;
				DEBUG_INFORMATION_FORMAT = dwarf;
				ENABLE_STRICT_OBJC_MSGSEND = YES;
				ENABLE_TESTABILITY = YES;
				ENABLE_USER_SCRIPT_SANDBOXING = YES;
				GCC_C_LANGUAGE_STANDARD = gnu17;
				GCC_DYNAMIC_NO_PIC = NO;
				GCC_NO_COMMON_BLOCKS = YES;
				GCC_OPTIMIZATION_LEVEL = 0;
				GCC_PREPROCESSOR_DEFINITIONS = (
					"DEBUG=1",
					"$(inherited)",
				);
				GCC_WARN_64_TO_32_BIT_CONVERSION = YES;
				GCC_WARN_ABOUT_RETURN_TYPE = YES_ERROR;
				GCC_WARN_UNDECLARED_SELECTOR = YES;
				GCC_WARN_UNINITIALIZED_AUTOS = YES_AGGRESSIVE;
				GCC_WARN_UNUSED_FUNCTION = YES;
				GCC_WARN_UNUSED_VARIABLE = YES;
				IPHONEOS_DEPLOYMENT_TARGET = 17.0;
				LOCALIZATION_PREFERS_STRING_CATALOGS = YES;
				MTL_ENABLE_DEBUG_INFO = INCLUDE_SOURCE;
				MTL_FAST_MATH = YES;
				ONLY_ACTIVE_ARCH = YES;
				SDKROOT = iphoneos;
				SWIFT_ACTIVE_COMPILATION_CONDITIONS = "DEBUG $(inherited)";
				SWIFT_OPTIMIZATION_LEVEL = "-Onone";
			};
			name = Debug;
		};
		F8770D262AE6C4AA0028DCD0 /* Release */ = {
			isa = XCBuildConfiguration;
			buildSettings = {
				ALWAYS_SEARCH_USER_PATHS = NO;
				ASSETCATALOG_COMPILER_GENERATE_SWIFT_ASSET_SYMBOL_EXTENSIONS = YES;
				CLANG_ANALYZER_NONNULL = YES;
				CLANG_ANALYZER_NUMBER_OBJECT_CONVERSION = YES_AGGRESSIVE;
				CLANG_CXX_LANGUAGE_STANDARD = "gnu++20";
				CLANG_ENABLE_MODULES = YES;
				CLANG_ENABLE_OBJC_ARC = YES;
				CLANG_ENABLE_OBJC_WEAK = YES;
				CLANG_WARN_BLOCK_CAPTURE_AUTORELEASING = YES;
				CLANG_WARN_BOOL_CONVERSION = YES;
				CLANG_WARN_COMMA = YES;
				CLANG_WARN_CONSTANT_CONVERSION = YES;
				CLANG_WARN_DEPRECATED_OBJC_IMPLEMENTATIONS = YES;
				CLANG_WARN_DIRECT_OBJC_ISA_USAGE = YES_ERROR;
				CLANG_WARN_DOCUMENTATION_COMMENTS = YES;
				CLANG_WARN_EMPTY_BODY = YES;
				CLANG_WARN_ENUM_CONVERSION = YES;
				CLANG_WARN_INFINITE_RECURSION = YES;
				CLANG_WARN_INT_CONVERSION = YES;
				CLANG_WARN_NON_LITERAL_NULL_CONVERSION = YES;
				CLANG_WARN_OBJC_IMPLICIT_RETAIN_SELF = YES;
				CLANG_WARN_OBJC_LITERAL_CONVERSION = YES;
				CLANG_WARN_OBJC_ROOT_CLASS = YES_ERROR;
				CLANG_WARN_QUOTED_INCLUDE_IN_FRAMEWORK_HEADER = YES;
				CLANG_WARN_RANGE_LOOP_ANALYSIS = YES;
				CLANG_WARN_STRICT_PROTOTYPES = YES;
				CLANG_WARN_SUSPICIOUS_MOVE = YES;
				CLANG_WARN_UNGUARDED_AVAILABILITY = YES_AGGRESSIVE;
				CLANG_WARN_UNREACHABLE_CODE = YES;
				CLANG_WARN__DUPLICATE_METHOD_MATCH = YES;
				COPY_PHASE_STRIP = NO;
				DEBUG_INFORMATION_FORMAT = "dwarf-with-dsym";
				ENABLE_NS_ASSERTIONS = NO;
				ENABLE_STRICT_OBJC_MSGSEND = YES;
				ENABLE_USER_SCRIPT_SANDBOXING = YES;
				GCC_C_LANGUAGE_STANDARD = gnu17;
				GCC_NO_COMMON_BLOCKS = YES;
				GCC_WARN_64_TO_32_BIT_CONVERSION = YES;
				GCC_WARN_ABOUT_RETURN_TYPE = YES_ERROR;
				GCC_WARN_UNDECLARED_SELECTOR = YES;
				GCC_WARN_UNINITIALIZED_AUTOS = YES_AGGRESSIVE;
				GCC_WARN_UNUSED_FUNCTION = YES;
				GCC_WARN_UNUSED_VARIABLE = YES;
				IPHONEOS_DEPLOYMENT_TARGET = 17.0;
				LOCALIZATION_PREFERS_STRING_CATALOGS = YES;
				MTL_ENABLE_DEBUG_INFO = NO;
				MTL_FAST_MATH = YES;
				SDKROOT = iphoneos;
				SWIFT_COMPILATION_MODE = wholemodule;
				VALIDATE_PRODUCT = YES;
			};
			name = Release;
		};
		F8770D282AE6C4AA0028DCD0 /* Debug */ = {
			isa = XCBuildConfiguration;
			buildSettings = {
				ASSETCATALOG_COMPILER_APPICON_NAME = AppIcon;
				ASSETCATALOG_COMPILER_GLOBAL_ACCENT_COLOR_NAME = AccentColor;
				CODE_SIGN_STYLE = Automatic;
				CURRENT_PROJECT_VERSION = 1;
				DEVELOPMENT_ASSET_PATHS = "\"DoctorsApp/Preview Content\"";
				ENABLE_PREVIEWS = YES;
				GENERATE_INFOPLIST_FILE = YES;
				INFOPLIST_KEY_UIApplicationSceneManifest_Generation = YES;
				INFOPLIST_KEY_UIApplicationSupportsIndirectInputEvents = YES;
				INFOPLIST_KEY_UILaunchScreen_Generation = YES;
				INFOPLIST_KEY_UISupportedInterfaceOrientations_iPad = "UIInterfaceOrientationPortrait UIInterfaceOrientationPortraitUpsideDown UIInterfaceOrientationLandscapeLeft UIInterfaceOrientationLandscapeRight";
				INFOPLIST_KEY_UISupportedInterfaceOrientations_iPhone = "UIInterfaceOrientationPortrait UIInterfaceOrientationLandscapeLeft UIInterfaceOrientationLandscapeRight";
				LD_RUNPATH_SEARCH_PATHS = (
					"$(inherited)",
					"@executable_path/Frameworks",
				);
				MARKETING_VERSION = 1.0;
				PRODUCT_BUNDLE_IDENTIFIER = com.example.DoctorsApp;
				PRODUCT_NAME = "$(TARGET_NAME)";
				SWIFT_EMIT_LOC_STRINGS = YES;
				SWIFT_VERSION = 5.0;
				TARGETED_DEVICE_FAMILY = "1,2";
			};
			name = Debug;
		};
		F8770D292AE6C4AA0028DCD0 /* Release */ = {
			isa = XCBuildConfiguration;
			buildSettings = {
				ASSETCATALOG_COMPILER_APPICON_NAME = AppIcon;
				ASSETCATALOG_COMPILER_GLOBAL_ACCENT_COLOR_NAME = AccentColor;
				CODE_SIGN_STYLE = Automatic;
				CURRENT_PROJECT_VERSION = 1;
				DEVELOPMENT_ASSET_PATHS = "\"DoctorsApp/Preview Content\"";
				ENABLE_PREVIEWS = YES;
				GENERATE_INFOPLIST_FILE = YES;
				INFOPLIST_KEY_UIApplicationSceneManifest_Generation = YES;
				INFOPLIST_KEY_UIApplicationSupportsIndirectInputEvents = YES;
				INFOPLIST_KEY_UILaunchScreen_Generation = YES;
				INFOPLIST_KEY_UISupportedInterfaceOrientations_iPad = "UIInterfaceOrientationPortrait UIInterfaceOrientationPortraitUpsideDown UIInterfaceOrientationLandscapeLeft UIInterfaceOrientationLandscapeRight";
				INFOPLIST_KEY_UISupportedInterfaceOrientations_iPhone = "UIInterfaceOrientationPortrait UIInterfaceOrientationLandscapeLeft UIInterfaceOrientationLandscapeRight";
				LD_RUNPATH_SEARCH_PATHS = (
					"$(inherited)",
					"@executable_path/Frameworks",
				);
				MARKETING_VERSION = 1.0;
				PRODUCT_BUNDLE_IDENTIFIER = com.example.DoctorsApp;
				PRODUCT_NAME = "$(TARGET_NAME)";
				SWIFT_EMIT_LOC_STRINGS = YES;
				SWIFT_VERSION = 5.0;
				TARGETED_DEVICE_FAMILY = "1,2";
			};
			name = Release;
		};
/* End XCBuildConfiguration section */

/* Begin XCConfigurationList section */
		F8770D142AE6C4A80028DCD0 /* Build configuration list for PBXProject "DoctorsApp" */ = {
			isa = XCConfigurationList;
			buildConfigurations = (
				F8770D252AE6C4AA0028DCD0 /* Debug */,
				F8770D262AE6C4AA0028DCD0 /* Release */,
			);
			defaultConfigurationIsVisible = 0;
			defaultConfigurationName = Release;
		};
		F8770D272AE6C4AA0028DCD0 /* Build configuration list for PBXNativeTarget "DoctorsApp" */ = {
			isa = XCConfigurationList;
			buildConfigurations = (
				F8770D282AE6C4AA0028DCD0 /* Debug */,
				F8770D292AE6C4AA0028DCD0 /* Release */,
			);
			defaultConfigurationIsVisible = 0;
			defaultConfigurationName = Release;
		};
/* End XCConfigurationList section */
	};
	rootObject = F8770D112AE6C4A80028DCD0 /* Project object */;
}
